
Microsoft Visual Studio Solution File, Format Version 12.00
# Visual Studio Version 17
VisualStudioVersion = 17.7.34024.191
MinimumVisualStudioVersion = 10.0.40219.1
Project("{FAE04EC0-301F-11D3-BF4B-00C04F79EFBC}") = "Shell", "Shell\Shell.csproj", "{AD82BD56-0537-4F37-AFB4-B3250DB38718}"
EndProject
Global
	GlobalSection(SolutionConfigurationPlatforms) = preSolution
		Debug|Any CPU = Debug|Any CPU
		Release|Any CPU = Release|Any CPU
	EndGlobalSection
	GlobalSection(ProjectConfigurationPlatforms) = postSolution
		{AD82BD56-0537-4F37-AFB4-B3250DB38718}.Debug|Any CPU.ActiveCfg = Debug|Any CPU
		{AD82BD56-0537-4F37-AFB4-B3250DB38718}.Debug|Any CPU.Build.0 = Debug|Any CPU
		{AD82BD56-0537-4F37-AFB4-B3250DB38718}.Release|Any CPU.ActiveCfg = Release|Any CPU
		{AD82BD56-0537-4F37-AFB4-B3250DB38718}.Release|Any CPU.Build.0 = Release|Any CPU
	EndGlobalSection
	GlobalSection(SolutionProperties) = preSolution
		HideSolutionNode = FALSE
	EndGlobalSection
	GlobalSection(ExtensibilityGlobals) = postSolution
		SolutionGuid = {6AE3D3D3-70B3-4C9D-B0E8-52E1A5AADC4B}
	EndGlobalSection
EndGlobal
